
Microsoft Visual Studio Solution File, Format Version 12.00
# Visual Studio Version 17
VisualStudioVersion = 17.5.002.0
MinimumVisualStudioVersion = 10.0.40219.1
Project("{2150E333-8FDC-42A3-9474-1A3956D46DE8}") = "csharp-prep", "csharp-prep", "{DB176224-7B6B-4BF6-816A-03B7F6288446}"
EndProject
Project("{9A19103F-16F7-4668-BE54-9A1E7A4F7556}") = "Prep1", "csharp-prep\Prep1\Prep1.csproj", "{618E5E26-67BE-4DA7-B2A5-0B6BC0EABC5D}"
EndProject
Project("{9A19103F-16F7-4668-BE54-9A1E7A4F7556}") = "Prep2", "csharp-prep\Prep2\Prep2.csproj", "{55FC8C08-6E4B-4343-8230-748411C2F2BD}"
EndProject
Project("{9A19103F-16F7-4668-BE54-9A1E7A4F7556}") = "Prep3", "csharp-prep\Prep3\Prep3.csproj", "{E92DB26D-A4E4-4117-92B1-717AB91721F8}"
EndProject
Project("{9A19103F-16F7-4668-BE54-9A1E7A4F7556}") = "Prep4", "csharp-prep\Prep4\Prep4.csproj", "{02CF98A3-3C65-49BC-A2CE-74176DF456D6}"
EndProject
Project("{9A19103F-16F7-4668-BE54-9A1E7A4F7556}") = "Prep5", "csharp-prep\Prep5\Prep5.csproj", "{44C0E64D-6EC9-490F-A8B0-477BFF8394D0}"
EndProject
Project("{2150E333-8FDC-42A3-9474-1A3956D46DE8}") = "final", "final", "{D4ABB5CD-BFEF-449C-894E-06FEE85267DF}"
EndProject
Project("{9A19103F-16F7-4668-BE54-9A1E7A4F7556}") = "FinalProject", "final\FinalProject\FinalProject.csproj", "{59F2CDA4-5D39-4D30-BAA5-964D40E329D9}"
EndProject
Project("{9A19103F-16F7-4668-BE54-9A1E7A4F7556}") = "Foundation1", "final\Foundation1\Foundation1.csproj", "{C5636645-9FB0-4475-93BD-A907F2B1BF8A}"
EndProject
Project("{9A19103F-16F7-4668-BE54-9A1E7A4F7556}") = "Foundation2", "final\Foundation2\Foundation2.csproj", "{2B7C0B9F-5F12-4851-B809-C7E5512A3795}"
EndProject
Project("{9A19103F-16F7-4668-BE54-9A1E7A4F7556}") = "Foundation3", "final\Foundation3\Foundation3.csproj", "{33CAC6D4-5E5A-4370-A888-D05170E9567F}"
EndProject
Project("{9A19103F-16F7-4668-BE54-9A1E7A4F7556}") = "Foundation4", "final\Foundation4\Foundation4.csproj", "{EA9B1166-E29A-4CEA-ACF0-408919A2A1E9}"
EndProject
Project("{2150E333-8FDC-42A3-9474-1A3956D46DE8}") = "prepare", "prepare", "{9D6B822A-FE78-4990-9F53-8F716D85DBBA}"
EndProject
Project("{9A19103F-16F7-4668-BE54-9A1E7A4F7556}") = "Learning02", "prepare\Learning02\Learning02.csproj", "{C6E41D28-D08E-43D4-851C-0D0838D24BAB}"
EndProject
Project("{9A19103F-16F7-4668-BE54-9A1E7A4F7556}") = "Learning03", "prepare\Learning03\Learning03.csproj", "{193C7896-3646-434E-A5DB-91F368C25811}"
EndProject
Project("{9A19103F-16F7-4668-BE54-9A1E7A4F7556}") = "Learning04", "prepare\Learning04\Learning04.csproj", "{9A5C74CB-7C71-4552-8F7F-202E8379DCAB}"
EndProject
Project("{9A19103F-16F7-4668-BE54-9A1E7A4F7556}") = "Learning05", "prepare\Learning05\Learning05.csproj", "{E50BA5C4-9F03-441E-B1EA-A311204F85AB}"
EndProject
Project("{2150E333-8FDC-42A3-9474-1A3956D46DE8}") = "prove", "prove", "{C35E833A-5047-41DB-A103-6DF209A4DA5F}"
EndProject
Project("{9A19103F-16F7-4668-BE54-9A1E7A4F7556}") = "Develop02", "prove\Develop02\Develop02.csproj", "{A4F01164-058F-427D-859B-31A1B1717700}"
EndProject
Project("{9A19103F-16F7-4668-BE54-9A1E7A4F7556}") = "Develop03", "prove\Develop03\Develop03.csproj", "{FF318426-638E-4085-854E-6CB6CC2D9DE5}"
EndProject
Project("{9A19103F-16F7-4668-BE54-9A1E7A4F7556}") = "Develop04", "prove\Develop04\Develop04.csproj", "{F6BA3C72-CD93-40C5-A680-D21CCF8A7673}"
EndProject
Project("{9A19103F-16F7-4668-BE54-9A1E7A4F7556}") = "Develop05", "prove\Develop05\Develop05.csproj", "{6229A11F-E6F5-400F-8A34-2E49799C48CC}"
EndProject
Project("{2150E333-8FDC-42A3-9474-1A3956D46DE8}") = "sandbox", "sandbox", "{D7A03AD8-CF1C-4290-8881-EFEFED5D771E}"
EndProject
Project("{9A19103F-16F7-4668-BE54-9A1E7A4F7556}") = "Sandbox", "sandbox\Sandbox\Sandbox.csproj", "{219D429C-2E4D-4255-8A19-6BCA5A5CF8D5}"
EndProject
Global
	GlobalSection(SolutionConfigurationPlatforms) = preSolution
		Debug|Any CPU = Debug|Any CPU
		Release|Any CPU = Release|Any CPU
	EndGlobalSection
	GlobalSection(ProjectConfigurationPlatforms) = postSolution
		{618E5E26-67BE-4DA7-B2A5-0B6BC0EABC5D}.Debug|Any CPU.ActiveCfg = Debug|Any CPU
		{618E5E26-67BE-4DA7-B2A5-0B6BC0EABC5D}.Debug|Any CPU.Build.0 = Debug|Any CPU
		{618E5E26-67BE-4DA7-B2A5-0B6BC0EABC5D}.Release|Any CPU.ActiveCfg = Release|Any CPU
		{618E5E26-67BE-4DA7-B2A5-0B6BC0EABC5D}.Release|Any CPU.Build.0 = Release|Any CPU
		{55FC8C08-6E4B-4343-8230-748411C2F2BD}.Debug|Any CPU.ActiveCfg = Debug|Any CPU
		{55FC8C08-6E4B-4343-8230-748411C2F2BD}.Debug|Any CPU.Build.0 = Debug|Any CPU
		{55FC8C08-6E4B-4343-8230-748411C2F2BD}.Release|Any CPU.ActiveCfg = Release|Any CPU
		{55FC8C08-6E4B-4343-8230-748411C2F2BD}.Release|Any CPU.Build.0 = Release|Any CPU
		{E92DB26D-A4E4-4117-92B1-717AB91721F8}.Debug|Any CPU.ActiveCfg = Debug|Any CPU
		{E92DB26D-A4E4-4117-92B1-717AB91721F8}.Debug|Any CPU.Build.0 = Debug|Any CPU
		{E92DB26D-A4E4-4117-92B1-717AB91721F8}.Release|Any CPU.ActiveCfg = Release|Any CPU
		{E92DB26D-A4E4-4117-92B1-717AB91721F8}.Release|Any CPU.Build.0 = Release|Any CPU
		{02CF98A3-3C65-49BC-A2CE-74176DF456D6}.Debug|Any CPU.ActiveCfg = Debug|Any CPU
		{02CF98A3-3C65-49BC-A2CE-74176DF456D6}.Debug|Any CPU.Build.0 = Debug|Any CPU
		{02CF98A3-3C65-49BC-A2CE-74176DF456D6}.Release|Any CPU.ActiveCfg = Release|Any CPU
		{02CF98A3-3C65-49BC-A2CE-74176DF456D6}.Release|Any CPU.Build.0 = Release|Any CPU
		{44C0E64D-6EC9-490F-A8B0-477BFF8394D0}.Debug|Any CPU.ActiveCfg = Debug|Any CPU
		{44C0E64D-6EC9-490F-A8B0-477BFF8394D0}.Debug|Any CPU.Build.0 = Debug|Any CPU
		{44C0E64D-6EC9-490F-A8B0-477BFF8394D0}.Release|Any CPU.ActiveCfg = Release|Any CPU
		{44C0E64D-6EC9-490F-A8B0-477BFF8394D0}.Release|Any CPU.Build.0 = Release|Any CPU
		{59F2CDA4-5D39-4D30-BAA5-964D40E329D9}.Debug|Any CPU.ActiveCfg = Debug|Any CPU
		{59F2CDA4-5D39-4D30-BAA5-964D40E329D9}.Debug|Any CPU.Build.0 = Debug|Any CPU
		{59F2CDA4-5D39-4D30-BAA5-964D40E329D9}.Release|Any CPU.ActiveCfg = Release|Any CPU
		{59F2CDA4-5D39-4D30-BAA5-964D40E329D9}.Release|Any CPU.Build.0 = Release|Any CPU
		{C5636645-9FB0-4475-93BD-A907F2B1BF8A}.Debug|Any CPU.ActiveCfg = Debug|Any CPU
		{C5636645-9FB0-4475-93BD-A907F2B1BF8A}.Debug|Any CPU.Build.0 = Debug|Any CPU
		{C5636645-9FB0-4475-93BD-A907F2B1BF8A}.Release|Any CPU.ActiveCfg = Release|Any CPU
		{C5636645-9FB0-4475-93BD-A907F2B1BF8A}.Release|Any CPU.Build.0 = Release|Any CPU
		{2B7C0B9F-5F12-4851-B809-C7E5512A3795}.Debug|Any CPU.ActiveCfg = Debug|Any CPU
		{2B7C0B9F-5F12-4851-B809-C7E5512A3795}.Debug|Any CPU.Build.0 = Debug|Any CPU
		{2B7C0B9F-5F12-4851-B809-C7E5512A3795}.Release|Any CPU.ActiveCfg = Release|Any CPU
		{2B7C0B9F-5F12-4851-B809-C7E5512A3795}.Release|Any CPU.Build.0 = Release|Any CPU
		{33CAC6D4-5E5A-4370-A888-D05170E9567F}.Debug|Any CPU.ActiveCfg = Debug|Any CPU
		{33CAC6D4-5E5A-4370-A888-D05170E9567F}.Debug|Any CPU.Build.0 = Debug|Any CPU
		{33CAC6D4-5E5A-4370-A888-D05170E9567F}.Release|Any CPU.ActiveCfg = Release|Any CPU
		{33CAC6D4-5E5A-4370-A888-D05170E9567F}.Release|Any CPU.Build.0 = Release|Any CPU
		{EA9B1166-E29A-4CEA-ACF0-408919A2A1E9}.Debug|Any CPU.ActiveCfg = Debug|Any CPU
		{EA9B1166-E29A-4CEA-ACF0-408919A2A1E9}.Debug|Any CPU.Build.0 = Debug|Any CPU
		{EA9B1166-E29A-4CEA-ACF0-408919A2A1E9}.Release|Any CPU.ActiveCfg = Release|Any CPU
		{EA9B1166-E29A-4CEA-ACF0-408919A2A1E9}.Release|Any CPU.Build.0 = Release|Any CPU
		{C6E41D28-D08E-43D4-851C-0D0838D24BAB}.Debug|Any CPU.ActiveCfg = Debug|Any CPU
		{C6E41D28-D08E-43D4-851C-0D0838D24BAB}.Debug|Any CPU.Build.0 = Debug|Any CPU
		{C6E41D28-D08E-43D4-851C-0D0838D24BAB}.Release|Any CPU.ActiveCfg = Release|Any CPU
		{C6E41D28-D08E-43D4-851C-0D0838D24BAB}.Release|Any CPU.Build.0 = Release|Any CPU
		{193C7896-3646-434E-A5DB-91F368C25811}.Debug|Any CPU.ActiveCfg = Debug|Any CPU
		{193C7896-3646-434E-A5DB-91F368C25811}.Debug|Any CPU.Build.0 = Debug|Any CPU
		{193C7896-3646-434E-A5DB-91F368C25811}.Release|Any CPU.ActiveCfg = Release|Any CPU
		{193C7896-3646-434E-A5DB-91F368C25811}.Release|Any CPU.Build.0 = Release|Any CPU
		{9A5C74CB-7C71-4552-8F7F-202E8379DCAB}.Debug|Any CPU.ActiveCfg = Debug|Any CPU
		{9A5C74CB-7C71-4552-8F7F-202E8379DCAB}.Debug|Any CPU.Build.0 = Debug|Any CPU
		{9A5C74CB-7C71-4552-8F7F-202E8379DCAB}.Release|Any CPU.ActiveCfg = Release|Any CPU
		{9A5C74CB-7C71-4552-8F7F-202E8379DCAB}.Release|Any CPU.Build.0 = Release|Any CPU
		{E50BA5C4-9F03-441E-B1EA-A311204F85AB}.Debug|Any CPU.ActiveCfg = Debug|Any CPU
		{E50BA5C4-9F03-441E-B1EA-A311204F85AB}.Debug|Any CPU.Build.0 = Debug|Any CPU
		{E50BA5C4-9F03-441E-B1EA-A311204F85AB}.Release|Any CPU.ActiveCfg = Release|Any CPU
		{E50BA5C4-9F03-441E-B1EA-A311204F85AB}.Release|Any CPU.Build.0 = Release|Any CPU
		{A4F01164-058F-427D-859B-31A1B1717700}.Debug|Any CPU.ActiveCfg = Debug|Any CPU
		{A4F01164-058F-427D-859B-31A1B1717700}.Debug|Any CPU.Build.0 = Debug|Any CPU
		{A4F01164-058F-427D-859B-31A1B1717700}.Release|Any CPU.ActiveCfg = Release|Any CPU
		{A4F01164-058F-427D-859B-31A1B1717700}.Release|Any CPU.Build.0 = Release|Any CPU
		{FF318426-638E-4085-854E-6CB6CC2D9DE5}.Debug|Any CPU.ActiveCfg = Debug|Any CPU
		{FF318426-638E-4085-854E-6CB6CC2D9DE5}.Debug|Any CPU.Build.0 = Debug|Any CPU
		{FF318426-638E-4085-854E-6CB6CC2D9DE5}.Release|Any CPU.ActiveCfg = Release|Any CPU
		{FF318426-638E-4085-854E-6CB6CC2D9DE5}.Release|Any CPU.Build.0 = Release|Any CPU
		{F6BA3C72-CD93-40C5-A680-D21CCF8A7673}.Debug|Any CPU.ActiveCfg = Debug|Any CPU
		{F6BA3C72-CD93-40C5-A680-D21CCF8A7673}.Debug|Any CPU.Build.0 = Debug|Any CPU
		{F6BA3C72-CD93-40C5-A680-D21CCF8A7673}.Release|Any CPU.ActiveCfg = Release|Any CPU
		{F6BA3C72-CD93-40C5-A680-D21CCF8A7673}.Release|Any CPU.Build.0 = Release|Any CPU
		{6229A11F-E6F5-400F-8A34-2E49799C48CC}.Debug|Any CPU.ActiveCfg = Debug|Any CPU
		{6229A11F-E6F5-400F-8A34-2E49799C48CC}.Debug|Any CPU.Build.0 = Debug|Any CPU
		{6229A11F-E6F5-400F-8A34-2E49799C48CC}.Release|Any CPU.ActiveCfg = Release|Any CPU
		{6229A11F-E6F5-400F-8A34-2E49799C48CC}.Release|Any CPU.Build.0 = Release|Any CPU
		{219D429C-2E4D-4255-8A19-6BCA5A5CF8D5}.Debug|Any CPU.ActiveCfg = Debug|Any CPU
		{219D429C-2E4D-4255-8A19-6BCA5A5CF8D5}.Debug|Any CPU.Build.0 = Debug|Any CPU
		{219D429C-2E4D-4255-8A19-6BCA5A5CF8D5}.Release|Any CPU.ActiveCfg = Release|Any CPU
		{219D429C-2E4D-4255-8A19-6BCA5A5CF8D5}.Release|Any CPU.Build.0 = Release|Any CPU
	EndGlobalSection
	GlobalSection(SolutionProperties) = preSolution
		HideSolutionNode = FALSE
	EndGlobalSection
	GlobalSection(NestedProjects) = preSolution
		{618E5E26-67BE-4DA7-B2A5-0B6BC0EABC5D} = {DB176224-7B6B-4BF6-816A-03B7F6288446}
		{55FC8C08-6E4B-4343-8230-748411C2F2BD} = {DB176224-7B6B-4BF6-816A-03B7F6288446}
		{E92DB26D-A4E4-4117-92B1-717AB91721F8} = {DB176224-7B6B-4BF6-816A-03B7F6288446}
		{02CF98A3-3C65-49BC-A2CE-74176DF456D6} = {DB176224-7B6B-4BF6-816A-03B7F6288446}
		{44C0E64D-6EC9-490F-A8B0-477BFF8394D0} = {DB176224-7B6B-4BF6-816A-03B7F6288446}
		{59F2CDA4-5D39-4D30-BAA5-964D40E329D9} = {D4ABB5CD-BFEF-449C-894E-06FEE85267DF}
		{C5636645-9FB0-4475-93BD-A907F2B1BF8A} = {D4ABB5CD-BFEF-449C-894E-06FEE85267DF}
		{2B7C0B9F-5F12-4851-B809-C7E5512A3795} = {D4ABB5CD-BFEF-449C-894E-06FEE85267DF}
		{33CAC6D4-5E5A-4370-A888-D05170E9567F} = {D4ABB5CD-BFEF-449C-894E-06FEE85267DF}
		{EA9B1166-E29A-4CEA-ACF0-408919A2A1E9} = {D4ABB5CD-BFEF-449C-894E-06FEE85267DF}
		{C6E41D28-D08E-43D4-851C-0D0838D24BAB} = {9D6B822A-FE78-4990-9F53-8F716D85DBBA}
		{193C7896-3646-434E-A5DB-91F368C25811} = {9D6B822A-FE78-4990-9F53-8F716D85DBBA}
		{9A5C74CB-7C71-4552-8F7F-202E8379DCAB} = {9D6B822A-FE78-4990-9F53-8F716D85DBBA}
		{E50BA5C4-9F03-441E-B1EA-A311204F85AB} = {9D6B822A-FE78-4990-9F53-8F716D85DBBA}
		{A4F01164-058F-427D-859B-31A1B1717700} = {C35E833A-5047-41DB-A103-6DF209A4DA5F}
		{FF318426-638E-4085-854E-6CB6CC2D9DE5} = {C35E833A-5047-41DB-A103-6DF209A4DA5F}
		{F6BA3C72-CD93-40C5-A680-D21CCF8A7673} = {C35E833A-5047-41DB-A103-6DF209A4DA5F}
		{6229A11F-E6F5-400F-8A34-2E49799C48CC} = {C35E833A-5047-41DB-A103-6DF209A4DA5F}
		{219D429C-2E4D-4255-8A19-6BCA5A5CF8D5} = {D7A03AD8-CF1C-4290-8881-EFEFED5D771E}
	EndGlobalSection
	GlobalSection(ExtensibilityGlobals) = postSolution
		SolutionGuid = {23348768-5322-43B5-B845-CBF0560BE01F}
	EndGlobalSection
EndGlobal
